// !$*UTF8*$!
{
	archiveVersion = 1;
	classes = {
	};
	objectVersion = 55;
	objects = {

/* Begin PBXBuildFile section */
		88278E852EC10C0400443DA8 /* DAM_iOSApp.swift in Sources */ = {isa = PBXBuildFile; fileRef = 88278E842EC10C0400443DA8 /* DAM_iOSApp.swift */; };
		88278E892EC10C0800443DA8 /* Assets.xcassets in Resources */ = {isa = PBXBuildFile; fileRef = 88278E882EC10C0800443DA8 /* Assets.xcassets */; };
		88278E8C2EC10C0800443DA8 /* Preview Assets.xcassets in Resources */ = {isa = PBXBuildFile; fileRef = 88278E8B2EC10C0800443DA8 /* Preview Assets.xcassets */; };
		88278E962EC10CA400443DA8 /* AppColors.swift in Sources */ = {isa = PBXBuildFile; fileRef = 88278E952EC10CA400443DA8 /* AppColors.swift */; };
		88278E982EC10CB700443DA8 /* AppImages.swift in Sources */ = {isa = PBXBuildFile; fileRef = 88278E972EC10CB700443DA8 /* AppImages.swift */; };
		88278E9A2EC10CC500443DA8 /* AppStorageKeys.swift in Sources */ = {isa = PBXBuildFile; fileRef = 88278E992EC10CC500443DA8 /* AppStorageKeys.swift */; };
		88278E9C2EC10CD700443DA8 /* UIHelpers.swift in Sources */ = {isa = PBXBuildFile; fileRef = 88278E9B2EC10CD700443DA8 /* UIHelpers.swift */; };
		88278E9E2EC10CE800443DA8 /* AppSettings.swift in Sources */ = {isa = PBXBuildFile; fileRef = 88278E9D2EC10CE800443DA8 /* AppSettings.swift */; };
		88278EA22EC10D2800443DA8 /* LandingView.swift in Sources */ = {isa = PBXBuildFile; fileRef = 88278EA12EC10D2800443DA8 /* LandingView.swift */; };
		88278EA42EC10D3900443DA8 /* WaveBackground.swift in Sources */ = {isa = PBXBuildFile; fileRef = 88278EA32EC10D3900443DA8 /* WaveBackground.swift */; };
		88278EA62EC10D4A00443DA8 /* SettingsSheet.swift in Sources */ = {isa = PBXBuildFile; fileRef = 88278EA52EC10D4A00443DA8 /* SettingsSheet.swift */; };
		88278EA82EC10D5700443DA8 /* LoginSheet.swift in Sources */ = {isa = PBXBuildFile; fileRef = 88278EA72EC10D5700443DA8 /* LoginSheet.swift */; };
		88278EAC2EC14F1800443DA8 /* ColorHex.swift in Sources */ = {isa = PBXBuildFile; fileRef = 88278EAB2EC14F1800443DA8 /* ColorHex.swift */; };
		88278EAF2EC1561D00443DA8 /* HomeView.swift in Sources */ = {isa = PBXBuildFile; fileRef = 88278EAE2EC1561D00443DA8 /* HomeView.swift */; };
		88278EB12EC1562A00443DA8 /* CloudLayer.swift in Sources */ = {isa = PBXBuildFile; fileRef = 88278EB02EC1562A00443DA8 /* CloudLayer.swift */; };
		88278EB32EC1563A00443DA8 /* LevelModels.swift in Sources */ = {isa = PBXBuildFile; fileRef = 88278EB22EC1563A00443DA8 /* LevelModels.swift */; };
		88278EB52EC1564700443DA8 /* LevelCard.swift in Sources */ = {isa = PBXBuildFile; fileRef = 88278EB42EC1564700443DA8 /* LevelCard.swift */; };
		88278EB72EC1565B00443DA8 /* ComingSoonSheet.swift in Sources */ = {isa = PBXBuildFile; fileRef = 88278EB62EC1565B00443DA8 /* ComingSoonSheet.swift */; };
		88278EB92EC15D6500443DA8 /* AppRouter.swift in Sources */ = {isa = PBXBuildFile; fileRef = 88278EB82EC15D6500443DA8 /* AppRouter.swift */; };
		B04589552EC218E60057D0C4 /* UserModels.swift in Sources */ = {isa = PBXBuildFile; fileRef = B04589542EC218E60057D0C4 /* UserModels.swift */; };
		B04589582EC219260057D0C4 /* AuthAPI.swift in Sources */ = {isa = PBXBuildFile; fileRef = B04589572EC219260057D0C4 /* AuthAPI.swift */; };
		B045895A2EC219E30057D0C4 /* UserSession.swift in Sources */ = {isa = PBXBuildFile; fileRef = B04589592EC219E30057D0C4 /* UserSession.swift */; };
		B045895C2EC21A4B0057D0C4 /* ProfileView.swift in Sources */ = {isa = PBXBuildFile; fileRef = B045895B2EC21A4B0057D0C4 /* ProfileView.swift */; };
		B045895E2EC21ACD0057D0C4 /* ProfileUIHelpers.swift in Sources */ = {isa = PBXBuildFile; fileRef = B045895D2EC21ACD0057D0C4 /* ProfileUIHelpers.swift */; };
		B04589622EC226CA0057D0C4 /* GoogleSignInManager.swift in Sources */ = {isa = PBXBuildFile; fileRef = B04589612EC226CA0057D0C4 /* GoogleSignInManager.swift */; };
		B04589652EC22E120057D0C4 /* GoogleSignIn in Frameworks */ = {isa = PBXBuildFile; productRef = B04589642EC22E120057D0C4 /* GoogleSignIn */; };
		B04589672EC22E120057D0C4 /* GoogleSignInSwift in Frameworks */ = {isa = PBXBuildFile; productRef = B04589662EC22E120057D0C4 /* GoogleSignInSwift */; };
/* End PBXBuildFile section */

/* Begin PBXFileReference section */
		88278E812EC10C0400443DA8 /* DAM-iOS.app */ = {isa = PBXFileReference; explicitFileType = wrapper.application; includeInIndex = 0; path = "DAM-iOS.app"; sourceTree = BUILT_PRODUCTS_DIR; };
		88278E842EC10C0400443DA8 /* DAM_iOSApp.swift */ = {isa = PBXFileReference; lastKnownFileType = sourcecode.swift; path = DAM_iOSApp.swift; sourceTree = "<group>"; };
		88278E882EC10C0800443DA8 /* Assets.xcassets */ = {isa = PBXFileReference; lastKnownFileType = folder.assetcatalog; path = Assets.xcassets; sourceTree = "<group>"; };
		88278E8B2EC10C0800443DA8 /* Preview Assets.xcassets */ = {isa = PBXFileReference; lastKnownFileType = folder.assetcatalog; path = "Preview Assets.xcassets"; sourceTree = "<group>"; };
		88278E952EC10CA400443DA8 /* AppColors.swift */ = {isa = PBXFileReference; lastKnownFileType = sourcecode.swift; path = AppColors.swift; sourceTree = "<group>"; };
		88278E972EC10CB700443DA8 /* AppImages.swift */ = {isa = PBXFileReference; lastKnownFileType = sourcecode.swift; path = AppImages.swift; sourceTree = "<group>"; };
		88278E992EC10CC500443DA8 /* AppStorageKeys.swift */ = {isa = PBXFileReference; lastKnownFileType = sourcecode.swift; path = AppStorageKeys.swift; sourceTree = "<group>"; };
		88278E9B2EC10CD700443DA8 /* UIHelpers.swift */ = {isa = PBXFileReference; lastKnownFileType = sourcecode.swift; path = UIHelpers.swift; sourceTree = "<group>"; };
		88278E9D2EC10CE800443DA8 /* AppSettings.swift */ = {isa = PBXFileReference; lastKnownFileType = sourcecode.swift; path = AppSettings.swift; sourceTree = "<group>"; };
		88278EA12EC10D2800443DA8 /* LandingView.swift */ = {isa = PBXFileReference; lastKnownFileType = sourcecode.swift; path = LandingView.swift; sourceTree = "<group>"; };
		88278EA32EC10D3900443DA8 /* WaveBackground.swift */ = {isa = PBXFileReference; lastKnownFileType = sourcecode.swift; path = WaveBackground.swift; sourceTree = "<group>"; };
		88278EA52EC10D4A00443DA8 /* SettingsSheet.swift */ = {isa = PBXFileReference; lastKnownFileType = sourcecode.swift; path = SettingsSheet.swift; sourceTree = "<group>"; };
		88278EA72EC10D5700443DA8 /* LoginSheet.swift */ = {isa = PBXFileReference; lastKnownFileType = sourcecode.swift; path = LoginSheet.swift; sourceTree = "<group>"; };
		88278EAB2EC14F1800443DA8 /* ColorHex.swift */ = {isa = PBXFileReference; lastKnownFileType = sourcecode.swift; path = ColorHex.swift; sourceTree = "<group>"; };
		88278EAE2EC1561D00443DA8 /* HomeView.swift */ = {isa = PBXFileReference; lastKnownFileType = sourcecode.swift; path = HomeView.swift; sourceTree = "<group>"; };
		88278EB02EC1562A00443DA8 /* CloudLayer.swift */ = {isa = PBXFileReference; lastKnownFileType = sourcecode.swift; path = CloudLayer.swift; sourceTree = "<group>"; };
		88278EB22EC1563A00443DA8 /* LevelModels.swift */ = {isa = PBXFileReference; lastKnownFileType = sourcecode.swift; path = LevelModels.swift; sourceTree = "<group>"; };
		88278EB42EC1564700443DA8 /* LevelCard.swift */ = {isa = PBXFileReference; lastKnownFileType = sourcecode.swift; path = LevelCard.swift; sourceTree = "<group>"; };
		88278EB62EC1565B00443DA8 /* ComingSoonSheet.swift */ = {isa = PBXFileReference; lastKnownFileType = sourcecode.swift; path = ComingSoonSheet.swift; sourceTree = "<group>"; };
		88278EB82EC15D6500443DA8 /* AppRouter.swift */ = {isa = PBXFileReference; lastKnownFileType = sourcecode.swift; path = AppRouter.swift; sourceTree = "<group>"; };
		B04589542EC218E60057D0C4 /* UserModels.swift */ = {isa = PBXFileReference; lastKnownFileType = sourcecode.swift; path = UserModels.swift; sourceTree = "<group>"; };
		B04589572EC219260057D0C4 /* AuthAPI.swift */ = {isa = PBXFileReference; lastKnownFileType = sourcecode.swift; path = AuthAPI.swift; sourceTree = "<group>"; };
		B04589592EC219E30057D0C4 /* UserSession.swift */ = {isa = PBXFileReference; lastKnownFileType = sourcecode.swift; path = UserSession.swift; sourceTree = "<group>"; };
		B045895B2EC21A4B0057D0C4 /* ProfileView.swift */ = {isa = PBXFileReference; lastKnownFileType = sourcecode.swift; path = ProfileView.swift; sourceTree = "<group>"; };
		B045895D2EC21ACD0057D0C4 /* ProfileUIHelpers.swift */ = {isa = PBXFileReference; lastKnownFileType = sourcecode.swift; path = ProfileUIHelpers.swift; sourceTree = "<group>"; };
		B04589612EC226CA0057D0C4 /* GoogleSignInManager.swift */ = {isa = PBXFileReference; lastKnownFileType = sourcecode.swift; path = GoogleSignInManager.swift; sourceTree = "<group>"; };
/* End PBXFileReference section */

/* Begin PBXFrameworksBuildPhase section */
		88278E7E2EC10C0400443DA8 /* Frameworks */ = {
			isa = PBXFrameworksBuildPhase;
			buildActionMask = 2147483647;
			files = (
				B04589652EC22E120057D0C4 /* GoogleSignIn in Frameworks */,
				B04589672EC22E120057D0C4 /* GoogleSignInSwift in Frameworks */,
			);
			runOnlyForDeploymentPostprocessing = 0;
		};
/* End PBXFrameworksBuildPhase section */

/* Begin PBXGroup section */
		88278E782EC10C0400443DA8 = {
			isa = PBXGroup;
			children = (
				88278E832EC10C0400443DA8 /* DAM-iOS */,
				88278E822EC10C0400443DA8 /* Products */,
			);
			sourceTree = "<group>";
		};
		88278E822EC10C0400443DA8 /* Products */ = {
			isa = PBXGroup;
			children = (
				88278E812EC10C0400443DA8 /* DAM-iOS.app */,
			);
			name = Products;
			sourceTree = "<group>";
		};
		88278E832EC10C0400443DA8 /* DAM-iOS */ = {
			isa = PBXGroup;
			children = (
				B04589602EC226B50057D0C4 /* Auth */,
				B04589562EC2190A0057D0C4 /* Networking */,
				88278E9F2EC10CF900443DA8 /* Features */,
				88278E942EC10C6700443DA8 /* Shared */,
				88278E842EC10C0400443DA8 /* DAM_iOSApp.swift */,
				88278E882EC10C0800443DA8 /* Assets.xcassets */,
				88278E8A2EC10C0800443DA8 /* Preview Content */,
			);
			path = "DAM-iOS";
			sourceTree = "<group>";
		};
		88278E8A2EC10C0800443DA8 /* Preview Content */ = {
			isa = PBXGroup;
			children = (
				88278E8B2EC10C0800443DA8 /* Preview Assets.xcassets */,
			);
			path = "Preview Content";
			sourceTree = "<group>";
		};
		88278E942EC10C6700443DA8 /* Shared */ = {
			isa = PBXGroup;
			children = (
				88278E952EC10CA400443DA8 /* AppColors.swift */,
				88278E972EC10CB700443DA8 /* AppImages.swift */,
				88278E992EC10CC500443DA8 /* AppStorageKeys.swift */,
				88278E9B2EC10CD700443DA8 /* UIHelpers.swift */,
				88278E9D2EC10CE800443DA8 /* AppSettings.swift */,
				88278EAB2EC14F1800443DA8 /* ColorHex.swift */,
				88278EB82EC15D6500443DA8 /* AppRouter.swift */,
				B04589542EC218E60057D0C4 /* UserModels.swift */,
				B04589592EC219E30057D0C4 /* UserSession.swift */,
			);
			path = Shared;
			sourceTree = "<group>";
		};
		88278E9F2EC10CF900443DA8 /* Features */ = {
			isa = PBXGroup;
			children = (
				B04589532EC218C40057D0C4 /* Profile */,
				88278EAD2EC1560C00443DA8 /* Home */,
				88278EA02EC10D0F00443DA8 /* Landing */,
			);
			path = Features;
			sourceTree = "<group>";
		};
		88278EA02EC10D0F00443DA8 /* Landing */ = {
			isa = PBXGroup;
			children = (
				88278EA12EC10D2800443DA8 /* LandingView.swift */,
				88278EA32EC10D3900443DA8 /* WaveBackground.swift */,
				88278EA52EC10D4A00443DA8 /* SettingsSheet.swift */,
				88278EA72EC10D5700443DA8 /* LoginSheet.swift */,
			);
			path = Landing;
			sourceTree = "<group>";
		};
		88278EAD2EC1560C00443DA8 /* Home */ = {
			isa = PBXGroup;
			children = (
				88278EAE2EC1561D00443DA8 /* HomeView.swift */,
				88278EB02EC1562A00443DA8 /* CloudLayer.swift */,
				88278EB22EC1563A00443DA8 /* LevelModels.swift */,
				88278EB42EC1564700443DA8 /* LevelCard.swift */,
				88278EB62EC1565B00443DA8 /* ComingSoonSheet.swift */,
			);
			path = Home;
			sourceTree = "<group>";
		};
		B04589532EC218C40057D0C4 /* Profile */ = {
			isa = PBXGroup;
			children = (
				B045895B2EC21A4B0057D0C4 /* ProfileView.swift */,
				B045895D2EC21ACD0057D0C4 /* ProfileUIHelpers.swift */,
			);
			path = Profile;
			sourceTree = "<group>";
		};
		B04589562EC2190A0057D0C4 /* Networking */ = {
			isa = PBXGroup;
			children = (
				B04589572EC219260057D0C4 /* AuthAPI.swift */,
			);
			path = Networking;
			sourceTree = "<group>";
		};
		B04589602EC226B50057D0C4 /* Auth */ = {
			isa = PBXGroup;
			children = (
				B04589612EC226CA0057D0C4 /* GoogleSignInManager.swift */,
			);
			path = Auth;
			sourceTree = "<group>";
		};
/* End PBXGroup section */

/* Begin PBXNativeTarget section */
		88278E802EC10C0400443DA8 /* DAM-iOS */ = {
			isa = PBXNativeTarget;
			buildConfigurationList = 88278E8F2EC10C0800443DA8 /* Build configuration list for PBXNativeTarget "DAM-iOS" */;
			buildPhases = (
				88278E7D2EC10C0400443DA8 /* Sources */,
				88278E7E2EC10C0400443DA8 /* Frameworks */,
				88278E7F2EC10C0400443DA8 /* Resources */,
			);
			buildRules = (
			);
			dependencies = (
			);
			name = "DAM-iOS";
			packageProductDependencies = (
				B04589642EC22E120057D0C4 /* GoogleSignIn */,
				B04589662EC22E120057D0C4 /* GoogleSignInSwift */,
			);
			productName = "DAM-iOS";
			productReference = 88278E812EC10C0400443DA8 /* DAM-iOS.app */;
			productType = "com.apple.product-type.application";
		};
/* End PBXNativeTarget section */

/* Begin PBXProject section */
		88278E792EC10C0400443DA8 /* Project object */ = {
			isa = PBXProject;
			attributes = {
				BuildIndependentTargetsInParallel = 1;
				LastSwiftUpdateCheck = 1320;
				LastUpgradeCheck = 1320;
				TargetAttributes = {
					88278E802EC10C0400443DA8 = {
						CreatedOnToolsVersion = 13.2.1;
					};
				};
			};
			buildConfigurationList = 88278E7C2EC10C0400443DA8 /* Build configuration list for PBXProject "DAM-iOS" */;
			compatibilityVersion = "Xcode 13.0";
			developmentRegion = en;
			hasScannedForEncodings = 0;
			knownRegions = (
				en,
				Base,
			);
			mainGroup = 88278E782EC10C0400443DA8;
			packageReferences = (
				B04589632EC22E120057D0C4 /* XCRemoteSwiftPackageReference "GoogleSignIn-iOS" */,
			);
			productRefGroup = 88278E822EC10C0400443DA8 /* Products */;
			projectDirPath = "";
			projectRoot = "";
			targets = (
				88278E802EC10C0400443DA8 /* DAM-iOS */,
			);
		};
/* End PBXProject section */

/* Begin PBXResourcesBuildPhase section */
		88278E7F2EC10C0400443DA8 /* Resources */ = {
			isa = PBXResourcesBuildPhase;
			buildActionMask = 2147483647;
			files = (
				88278E8C2EC10C0800443DA8 /* Preview Assets.xcassets in Resources */,
				88278E892EC10C0800443DA8 /* Assets.xcassets in Resources */,
			);
			runOnlyForDeploymentPostprocessing = 0;
		};
/* End PBXResourcesBuildPhase section */

/* Begin PBXSourcesBuildPhase section */
		88278E7D2EC10C0400443DA8 /* Sources */ = {
			isa = PBXSourcesBuildPhase;
			buildActionMask = 2147483647;
			files = (
				88278E9A2EC10CC500443DA8 /* AppStorageKeys.swift in Sources */,
				88278EA82EC10D5700443DA8 /* LoginSheet.swift in Sources */,
				88278E962EC10CA400443DA8 /* AppColors.swift in Sources */,
				88278EA42EC10D3900443DA8 /* WaveBackground.swift in Sources */,
				88278EAC2EC14F1800443DA8 /* ColorHex.swift in Sources */,
				88278EB72EC1565B00443DA8 /* ComingSoonSheet.swift in Sources */,
				88278E9E2EC10CE800443DA8 /* AppSettings.swift in Sources */,
				88278EA62EC10D4A00443DA8 /* SettingsSheet.swift in Sources */,
				B04589622EC226CA0057D0C4 /* GoogleSignInManager.swift in Sources */,
				88278E982EC10CB700443DA8 /* AppImages.swift in Sources */,
				88278EB32EC1563A00443DA8 /* LevelModels.swift in Sources */,
				88278EB12EC1562A00443DA8 /* CloudLayer.swift in Sources */,
				B045895A2EC219E30057D0C4 /* UserSession.swift in Sources */,
				88278EA22EC10D2800443DA8 /* LandingView.swift in Sources */,
				88278EAF2EC1561D00443DA8 /* HomeView.swift in Sources */,
				88278E9C2EC10CD700443DA8 /* UIHelpers.swift in Sources */,
				B04589582EC219260057D0C4 /* AuthAPI.swift in Sources */,
				88278E852EC10C0400443DA8 /* DAM_iOSApp.swift in Sources */,
				B045895E2EC21ACD0057D0C4 /* ProfileUIHelpers.swift in Sources */,
				88278EB92EC15D6500443DA8 /* AppRouter.swift in Sources */,
				B04589552EC218E60057D0C4 /* UserModels.swift in Sources */,
				B045895C2EC21A4B0057D0C4 /* ProfileView.swift in Sources */,
				88278EB52EC1564700443DA8 /* LevelCard.swift in Sources */,
			);
			runOnlyForDeploymentPostprocessing = 0;
		};
/* End PBXSourcesBuildPhase section */

/* Begin XCBuildConfiguration section */
		88278E8D2EC10C0800443DA8 /* Debug */ = {
			isa = XCBuildConfiguration;
			buildSettings = {
				ALWAYS_SEARCH_USER_PATHS = NO;
				CLANG_ANALYZER_NONNULL = YES;
				CLANG_ANALYZER_NUMBER_OBJECT_CONVERSION = YES_AGGRESSIVE;
				CLANG_CXX_LANGUAGE_STANDARD = "gnu++17";
				CLANG_CXX_LIBRARY = "libc++";
				CLANG_ENABLE_MODULES = YES;
				CLANG_ENABLE_OBJC_ARC = YES;
				CLANG_ENABLE_OBJC_WEAK = YES;
				CLANG_WARN_BLOCK_CAPTURE_AUTORELEASING = YES;
				CLANG_WARN_BOOL_CONVERSION = YES;
				CLANG_WARN_COMMA = YES;
				CLANG_WARN_CONSTANT_CONVERSION = YES;
				CLANG_WARN_DEPRECATED_OBJC_IMPLEMENTATIONS = YES;
				CLANG_WARN_DIRECT_OBJC_ISA_USAGE = YES_ERROR;
				CLANG_WARN_DOCUMENTATION_COMMENTS = YES;
				CLANG_WARN_EMPTY_BODY = YES;
				CLANG_WARN_ENUM_CONVERSION = YES;
				CLANG_WARN_INFINITE_RECURSION = YES;
				CLANG_WARN_INT_CONVERSION = YES;
				CLANG_WARN_NON_LITERAL_NULL_CONVERSION = YES;
				CLANG_WARN_OBJC_IMPLICIT_RETAIN_SELF = YES;
				CLANG_WARN_OBJC_LITERAL_CONVERSION = YES;
				CLANG_WARN_OBJC_ROOT_CLASS = YES_ERROR;
				CLANG_WARN_QUOTED_INCLUDE_IN_FRAMEWORK_HEADER = YES;
				CLANG_WARN_RANGE_LOOP_ANALYSIS = YES;
				CLANG_WARN_STRICT_PROTOTYPES = YES;
				CLANG_WARN_SUSPICIOUS_MOVE = YES;
				CLANG_WARN_UNGUARDED_AVAILABILITY = YES_AGGRESSIVE;
				CLANG_WARN_UNREACHABLE_CODE = YES;
				CLANG_WARN__DUPLICATE_METHOD_MATCH = YES;
				COPY_PHASE_STRIP = NO;
				DEBUG_INFORMATION_FORMAT = dwarf;
				ENABLE_STRICT_OBJC_MSGSEND = YES;
				ENABLE_TESTABILITY = YES;
				GCC_C_LANGUAGE_STANDARD = gnu11;
				GCC_DYNAMIC_NO_PIC = NO;
				GCC_NO_COMMON_BLOCKS = YES;
				GCC_OPTIMIZATION_LEVEL = 0;
				GCC_PREPROCESSOR_DEFINITIONS = (
					"DEBUG=1",
					"$(inherited)",
				);
				GCC_WARN_64_TO_32_BIT_CONVERSION = YES;
				GCC_WARN_ABOUT_RETURN_TYPE = YES_ERROR;
				GCC_WARN_UNDECLARED_SELECTOR = YES;
				GCC_WARN_UNINITIALIZED_AUTOS = YES_AGGRESSIVE;
				GCC_WARN_UNUSED_FUNCTION = YES;
				GCC_WARN_UNUSED_VARIABLE = YES;
				IPHONEOS_DEPLOYMENT_TARGET = 15.2;
				MTL_ENABLE_DEBUG_INFO = INCLUDE_SOURCE;
				MTL_FAST_MATH = YES;
				ONLY_ACTIVE_ARCH = YES;
				SDKROOT = iphoneos;
				SWIFT_ACTIVE_COMPILATION_CONDITIONS = DEBUG;
				SWIFT_OPTIMIZATION_LEVEL = "-Onone";
			};
			name = Debug;
		};
		88278E8E2EC10C0800443DA8 /* Release */ = {
			isa = XCBuildConfiguration;
			buildSettings = {
				ALWAYS_SEARCH_USER_PATHS = NO;
				CLANG_ANALYZER_NONNULL = YES;
				CLANG_ANALYZER_NUMBER_OBJECT_CONVERSION = YES_AGGRESSIVE;
				CLANG_CXX_LANGUAGE_STANDARD = "gnu++17";
				CLANG_CXX_LIBRARY = "libc++";
				CLANG_ENABLE_MODULES = YES;
				CLANG_ENABLE_OBJC_ARC = YES;
				CLANG_ENABLE_OBJC_WEAK = YES;
				CLANG_WARN_BLOCK_CAPTURE_AUTORELEASING = YES;
				CLANG_WARN_BOOL_CONVERSION = YES;
				CLANG_WARN_COMMA = YES;
				CLANG_WARN_CONSTANT_CONVERSION = YES;
				CLANG_WARN_DEPRECATED_OBJC_IMPLEMENTATIONS = YES;
				CLANG_WARN_DIRECT_OBJC_ISA_USAGE = YES_ERROR;
				CLANG_WARN_DOCUMENTATION_COMMENTS = YES;
				CLANG_WARN_EMPTY_BODY = YES;
				CLANG_WARN_ENUM_CONVERSION = YES;
				CLANG_WARN_INFINITE_RECURSION = YES;
				CLANG_WARN_INT_CONVERSION = YES;
				CLANG_WARN_NON_LITERAL_NULL_CONVERSION = YES;
				CLANG_WARN_OBJC_IMPLICIT_RETAIN_SELF = YES;
				CLANG_WARN_OBJC_LITERAL_CONVERSION = YES;
				CLANG_WARN_OBJC_ROOT_CLASS = YES_ERROR;
				CLANG_WARN_QUOTED_INCLUDE_IN_FRAMEWORK_HEADER = YES;
				CLANG_WARN_RANGE_LOOP_ANALYSIS = YES;
				CLANG_WARN_STRICT_PROTOTYPES = YES;
				CLANG_WARN_SUSPICIOUS_MOVE = YES;
				CLANG_WARN_UNGUARDED_AVAILABILITY = YES_AGGRESSIVE;
				CLANG_WARN_UNREACHABLE_CODE = YES;
				CLANG_WARN__DUPLICATE_METHOD_MATCH = YES;
				COPY_PHASE_STRIP = NO;
				DEBUG_INFORMATION_FORMAT = "dwarf-with-dsym";
				ENABLE_NS_ASSERTIONS = NO;
				ENABLE_STRICT_OBJC_MSGSEND = YES;
				GCC_C_LANGUAGE_STANDARD = gnu11;
				GCC_NO_COMMON_BLOCKS = YES;
				GCC_WARN_64_TO_32_BIT_CONVERSION = YES;
				GCC_WARN_ABOUT_RETURN_TYPE = YES_ERROR;
				GCC_WARN_UNDECLARED_SELECTOR = YES;
				GCC_WARN_UNINITIALIZED_AUTOS = YES_AGGRESSIVE;
				GCC_WARN_UNUSED_FUNCTION = YES;
				GCC_WARN_UNUSED_VARIABLE = YES;
				IPHONEOS_DEPLOYMENT_TARGET = 15.2;
				MTL_ENABLE_DEBUG_INFO = NO;
				MTL_FAST_MATH = YES;
				SDKROOT = iphoneos;
				SWIFT_COMPILATION_MODE = wholemodule;
				SWIFT_OPTIMIZATION_LEVEL = "-O";
				VALIDATE_PRODUCT = YES;
			};
			name = Release;
		};
		88278E902EC10C0800443DA8 /* Debug */ = {
			isa = XCBuildConfiguration;
			buildSettings = {
				ASSETCATALOG_COMPILER_APPICON_NAME = AppIcon;
				ASSETCATALOG_COMPILER_GLOBAL_ACCENT_COLOR_NAME = AccentColor;
				CODE_SIGN_STYLE = Automatic;
				CURRENT_PROJECT_VERSION = 1;
				DEVELOPMENT_ASSET_PATHS = "\"DAM-iOS/Preview Content\"";
				ENABLE_PREVIEWS = YES;
				GENERATE_INFOPLIST_FILE = YES;
				INFOPLIST_FILE = "DAM-iOS/Info.plist";
				INFOPLIST_KEY_UIApplicationSceneManifest_Generation = YES;
				INFOPLIST_KEY_UIApplicationSupportsIndirectInputEvents = YES;
				INFOPLIST_KEY_UILaunchScreen_Generation = YES;
				INFOPLIST_KEY_UISupportedInterfaceOrientations = "UIInterfaceOrientationLandscapeLeft UIInterfaceOrientationLandscapeRight";
				INFOPLIST_KEY_UISupportedInterfaceOrientations_iPad = "UIInterfaceOrientationPortrait UIInterfaceOrientationPortraitUpsideDown UIInterfaceOrientationLandscapeLeft UIInterfaceOrientationLandscapeRight";
				INFOPLIST_KEY_UISupportedInterfaceOrientations_iPhone = "UIInterfaceOrientationPortrait UIInterfaceOrientationLandscapeLeft UIInterfaceOrientationLandscapeRight";
				LD_RUNPATH_SEARCH_PATHS = (
					"$(inherited)",
					"@executable_path/Frameworks",
				);
				MARKETING_VERSION = 1.0;
				PRODUCT_BUNDLE_IDENTIFIER = "tn.esprit.DAM-iOS";
				PRODUCT_NAME = "$(TARGET_NAME)";
				SWIFT_EMIT_LOC_STRINGS = YES;
				SWIFT_VERSION = 5.0;
				TARGETED_DEVICE_FAMILY = "1,2";
			};
			name = Debug;
		};
		88278E912EC10C0800443DA8 /* Release */ = {
			isa = XCBuildConfiguration;
			buildSettings = {
				ASSETCATALOG_COMPILER_APPICON_NAME = AppIcon;
				ASSETCATALOG_COMPILER_GLOBAL_ACCENT_COLOR_NAME = AccentColor;
				CODE_SIGN_STYLE = Automatic;
				CURRENT_PROJECT_VERSION = 1;
				DEVELOPMENT_ASSET_PATHS = "\"DAM-iOS/Preview Content\"";
				ENABLE_PREVIEWS = YES;
				GENERATE_INFOPLIST_FILE = YES;
				INFOPLIST_FILE = "DAM-iOS/Info.plist";
				INFOPLIST_KEY_UIApplicationSceneManifest_Generation = YES;
				INFOPLIST_KEY_UIApplicationSupportsIndirectInputEvents = YES;
				INFOPLIST_KEY_UILaunchScreen_Generation = YES;
				INFOPLIST_KEY_UISupportedInterfaceOrientations = "UIInterfaceOrientationLandscapeLeft UIInterfaceOrientationLandscapeRight";
				INFOPLIST_KEY_UISupportedInterfaceOrientations_iPad = "UIInterfaceOrientationPortrait UIInterfaceOrientationPortraitUpsideDown UIInterfaceOrientationLandscapeLeft UIInterfaceOrientationLandscapeRight";
				INFOPLIST_KEY_UISupportedInterfaceOrientations_iPhone = "UIInterfaceOrientationPortrait UIInterfaceOrientationLandscapeLeft UIInterfaceOrientationLandscapeRight";
				LD_RUNPATH_SEARCH_PATHS = (
					"$(inherited)",
					"@executable_path/Frameworks",
				);
				MARKETING_VERSION = 1.0;
				PRODUCT_BUNDLE_IDENTIFIER = "tn.esprit.DAM-iOS";
				PRODUCT_NAME = "$(TARGET_NAME)";
				SWIFT_EMIT_LOC_STRINGS = YES;
				SWIFT_VERSION = 5.0;
				TARGETED_DEVICE_FAMILY = "1,2";
			};
			name = Release;
		};
/* End XCBuildConfiguration section */

/* Begin XCConfigurationList section */
		88278E7C2EC10C0400443DA8 /* Build configuration list for PBXProject "DAM-iOS" */ = {
			isa = XCConfigurationList;
			buildConfigurations = (
				88278E8D2EC10C0800443DA8 /* Debug */,
				88278E8E2EC10C0800443DA8 /* Release */,
			);
			defaultConfigurationIsVisible = 0;
			defaultConfigurationName = Release;
		};
		88278E8F2EC10C0800443DA8 /* Build configuration list for PBXNativeTarget "DAM-iOS" */ = {
			isa = XCConfigurationList;
			buildConfigurations = (
				88278E902EC10C0800443DA8 /* Debug */,
				88278E912EC10C0800443DA8 /* Release */,
			);
			defaultConfigurationIsVisible = 0;
			defaultConfigurationName = Release;
		};
/* End XCConfigurationList section */

/* Begin XCRemoteSwiftPackageReference section */
		B04589632EC22E120057D0C4 /* XCRemoteSwiftPackageReference "GoogleSignIn-iOS" */ = {
			isa = XCRemoteSwiftPackageReference;
			repositoryURL = "https://github.com/google/GoogleSignIn-iOS.git";
			requirement = {
				kind = upToNextMajorVersion;
				minimumVersion = 7.0.0;
			};
		};
/* End XCRemoteSwiftPackageReference section */

/* Begin XCSwiftPackageProductDependency section */
		B04589642EC22E120057D0C4 /* GoogleSignIn */ = {
			isa = XCSwiftPackageProductDependency;
			package = B04589632EC22E120057D0C4 /* XCRemoteSwiftPackageReference "GoogleSignIn-iOS" */;
			productName = GoogleSignIn;
		};
		B04589662EC22E120057D0C4 /* GoogleSignInSwift */ = {
			isa = XCSwiftPackageProductDependency;
			package = B04589632EC22E120057D0C4 /* XCRemoteSwiftPackageReference "GoogleSignIn-iOS" */;
			productName = GoogleSignInSwift;
		};
/* End XCSwiftPackageProductDependency section */
	};
	rootObject = 88278E792EC10C0400443DA8 /* Project object */;
}
